
Microsoft Visual Studio Solution File, Format Version 12.00
# Visual Studio 15
VisualStudioVersion = 15.0.27130.2024
MinimumVisualStudioVersion = 10.0.40219.1
Project("{FAE04EC0-301F-11D3-BF4B-00C04F79EFBC}") = "Fora.Web", "Fora.Web\Fora.Web.csproj", "{D6EBD899-64C5-430D-8FDB-E10A0FFC0BF6}"
EndProject
Global
	GlobalSection(SolutionConfigurationPlatforms) = preSolution
		Debug|Any CPU = Debug|Any CPU
		Release|Any CPU = Release|Any CPU
	EndGlobalSection
	GlobalSection(ProjectConfigurationPlatforms) = postSolution
		{D6EBD899-64C5-430D-8FDB-E10A0FFC0BF6}.Debug|Any CPU.ActiveCfg = Debug|Any CPU
		{D6EBD899-64C5-430D-8FDB-E10A0FFC0BF6}.Debug|Any CPU.Build.0 = Debug|Any CPU
		{D6EBD899-64C5-430D-8FDB-E10A0FFC0BF6}.Release|Any CPU.ActiveCfg = Release|Any CPU
		{D6EBD899-64C5-430D-8FDB-E10A0FFC0BF6}.Release|Any CPU.Build.0 = Release|Any CPU
	EndGlobalSection
	GlobalSection(SolutionProperties) = preSolution
		HideSolutionNode = FALSE
	EndGlobalSection
	GlobalSection(ExtensibilityGlobals) = postSolution
		SolutionGuid = {20462E00-401E-43B1-9D91-7CE496A6864E}
	EndGlobalSection
EndGlobal
